
Microsoft Visual Studio Solution File, Format Version 12.00
# Visual Studio Version 16
VisualStudioVersion = 16.0.31112.23
MinimumVisualStudioVersion = 10.0.40219.1
Project("{FAE04EC0-301F-11D3-BF4B-00C04F79EFBC}") = "wannabevandal", "wannabevandal\wannabevandal.csproj", "{AC8D623E-35D8-4DB6-BD90-6340A0AC6301}"
EndProject
Global
	GlobalSection(SolutionConfigurationPlatforms) = preSolution
		Debug|Any CPU = Debug|Any CPU
		Release|Any CPU = Release|Any CPU
	EndGlobalSection
	GlobalSection(ProjectConfigurationPlatforms) = postSolution
		{AC8D623E-35D8-4DB6-BD90-6340A0AC6301}.Debug|Any CPU.ActiveCfg = Debug|Any CPU
		{AC8D623E-35D8-4DB6-BD90-6340A0AC6301}.Debug|Any CPU.Build.0 = Debug|Any CPU
		{AC8D623E-35D8-4DB6-BD90-6340A0AC6301}.Release|Any CPU.ActiveCfg = Release|Any CPU
		{AC8D623E-35D8-4DB6-BD90-6340A0AC6301}.Release|Any CPU.Build.0 = Release|Any CPU
	EndGlobalSection
	GlobalSection(SolutionProperties) = preSolution
		HideSolutionNode = FALSE
	EndGlobalSection
	GlobalSection(ExtensibilityGlobals) = postSolution
		SolutionGuid = {60448B3D-E1A1-4C8A-BE6B-CB1B4AEC3D51}
	EndGlobalSection
EndGlobal
