
Microsoft Visual Studio Solution File, Format Version 12.00
# Visual Studio Version 16
VisualStudioVersion = 16.0.33423.256
MinimumVisualStudioVersion = 10.0.40219.1
Project("{FAE04EC0-301F-11D3-BF4B-00C04F79EFBC}") = "harj28", "harj28\harj28.csproj", "{02550BF4-B2C6-4D7D-9878-82081CD7FA02}"
EndProject
Global
	GlobalSection(SolutionConfigurationPlatforms) = preSolution
		Debug|Any CPU = Debug|Any CPU
		Release|Any CPU = Release|Any CPU
	EndGlobalSection
	GlobalSection(ProjectConfigurationPlatforms) = postSolution
		{02550BF4-B2C6-4D7D-9878-82081CD7FA02}.Debug|Any CPU.ActiveCfg = Debug|Any CPU
		{02550BF4-B2C6-4D7D-9878-82081CD7FA02}.Debug|Any CPU.Build.0 = Debug|Any CPU
		{02550BF4-B2C6-4D7D-9878-82081CD7FA02}.Release|Any CPU.ActiveCfg = Release|Any CPU
		{02550BF4-B2C6-4D7D-9878-82081CD7FA02}.Release|Any CPU.Build.0 = Release|Any CPU
	EndGlobalSection
	GlobalSection(SolutionProperties) = preSolution
		HideSolutionNode = FALSE
	EndGlobalSection
	GlobalSection(ExtensibilityGlobals) = postSolution
		SolutionGuid = {AABC939D-5F9F-4B23-99D7-16026B65DC1D}
	EndGlobalSection
EndGlobal
