
Microsoft Visual Studio Solution File, Format Version 12.00
# Visual Studio Version 16
VisualStudioVersion = 16.0.31112.23
MinimumVisualStudioVersion = 10.0.40219.1
Project("{FAE04EC0-301F-11D3-BF4B-00C04F79EFBC}") = "harj28jatkuu", "harj28jatkuu\harj28jatkuu.csproj", "{870337FD-74EC-4302-ABE9-D12A5BAFDA03}"
EndProject
Global
	GlobalSection(SolutionConfigurationPlatforms) = preSolution
		Debug|Any CPU = Debug|Any CPU
		Release|Any CPU = Release|Any CPU
	EndGlobalSection
	GlobalSection(ProjectConfigurationPlatforms) = postSolution
		{870337FD-74EC-4302-ABE9-D12A5BAFDA03}.Debug|Any CPU.ActiveCfg = Debug|Any CPU
		{870337FD-74EC-4302-ABE9-D12A5BAFDA03}.Debug|Any CPU.Build.0 = Debug|Any CPU
		{870337FD-74EC-4302-ABE9-D12A5BAFDA03}.Release|Any CPU.ActiveCfg = Release|Any CPU
		{870337FD-74EC-4302-ABE9-D12A5BAFDA03}.Release|Any CPU.Build.0 = Release|Any CPU
	EndGlobalSection
	GlobalSection(SolutionProperties) = preSolution
		HideSolutionNode = FALSE
	EndGlobalSection
	GlobalSection(ExtensibilityGlobals) = postSolution
		SolutionGuid = {CD31403E-D569-4CDF-9EDD-CF076CD225A3}
	EndGlobalSection
EndGlobal
