
Microsoft Visual Studio Solution File, Format Version 12.00
# Visual Studio Version 16
VisualStudioVersion = 16.0.33423.256
MinimumVisualStudioVersion = 10.0.40219.1
Project("{FAE04EC0-301F-11D3-BF4B-00C04F79EFBC}") = "harj19", "harj19\harj19.csproj", "{351C98CE-F0FF-4D05-A93E-2F26AEC5D669}"
EndProject
Global
	GlobalSection(SolutionConfigurationPlatforms) = preSolution
		Debug|Any CPU = Debug|Any CPU
		Release|Any CPU = Release|Any CPU
	EndGlobalSection
	GlobalSection(ProjectConfigurationPlatforms) = postSolution
		{351C98CE-F0FF-4D05-A93E-2F26AEC5D669}.Debug|Any CPU.ActiveCfg = Debug|Any CPU
		{351C98CE-F0FF-4D05-A93E-2F26AEC5D669}.Debug|Any CPU.Build.0 = Debug|Any CPU
		{351C98CE-F0FF-4D05-A93E-2F26AEC5D669}.Release|Any CPU.ActiveCfg = Release|Any CPU
		{351C98CE-F0FF-4D05-A93E-2F26AEC5D669}.Release|Any CPU.Build.0 = Release|Any CPU
	EndGlobalSection
	GlobalSection(SolutionProperties) = preSolution
		HideSolutionNode = FALSE
	EndGlobalSection
	GlobalSection(ExtensibilityGlobals) = postSolution
		SolutionGuid = {33C8C52C-6B46-467F-8180-8A02930A1C5B}
	EndGlobalSection
EndGlobal
