
Microsoft Visual Studio Solution File, Format Version 12.00
# Visual Studio Version 16
VisualStudioVersion = 16.0.31112.23
MinimumVisualStudioVersion = 10.0.40219.1
Project("{FAE04EC0-301F-11D3-BF4B-00C04F79EFBC}") = "Ostoslista", "Ostoslista\Ostoslista.csproj", "{CFBF05AC-6BFA-4651-A2B5-DE4ABE7D5ADC}"
EndProject
Global
	GlobalSection(SolutionConfigurationPlatforms) = preSolution
		Debug|Any CPU = Debug|Any CPU
		Release|Any CPU = Release|Any CPU
	EndGlobalSection
	GlobalSection(ProjectConfigurationPlatforms) = postSolution
		{CFBF05AC-6BFA-4651-A2B5-DE4ABE7D5ADC}.Debug|Any CPU.ActiveCfg = Debug|Any CPU
		{CFBF05AC-6BFA-4651-A2B5-DE4ABE7D5ADC}.Debug|Any CPU.Build.0 = Debug|Any CPU
		{CFBF05AC-6BFA-4651-A2B5-DE4ABE7D5ADC}.Release|Any CPU.ActiveCfg = Release|Any CPU
		{CFBF05AC-6BFA-4651-A2B5-DE4ABE7D5ADC}.Release|Any CPU.Build.0 = Release|Any CPU
	EndGlobalSection
	GlobalSection(SolutionProperties) = preSolution
		HideSolutionNode = FALSE
	EndGlobalSection
	GlobalSection(ExtensibilityGlobals) = postSolution
		SolutionGuid = {9D8925B1-B934-44DD-B677-73F138B64178}
	EndGlobalSection
EndGlobal
