
Microsoft Visual Studio Solution File, Format Version 12.00
# Visual Studio Version 16
VisualStudioVersion = 16.0.31112.23
MinimumVisualStudioVersion = 10.0.40219.1
Project("{FAE04EC0-301F-11D3-BF4B-00C04F79EFBC}") = "harj14switch", "harj14switch\harj14switch.csproj", "{23907CAC-923B-44FC-A0B2-BBB68681AE10}"
EndProject
Global
	GlobalSection(SolutionConfigurationPlatforms) = preSolution
		Debug|Any CPU = Debug|Any CPU
		Release|Any CPU = Release|Any CPU
	EndGlobalSection
	GlobalSection(ProjectConfigurationPlatforms) = postSolution
		{23907CAC-923B-44FC-A0B2-BBB68681AE10}.Debug|Any CPU.ActiveCfg = Debug|Any CPU
		{23907CAC-923B-44FC-A0B2-BBB68681AE10}.Debug|Any CPU.Build.0 = Debug|Any CPU
		{23907CAC-923B-44FC-A0B2-BBB68681AE10}.Release|Any CPU.ActiveCfg = Release|Any CPU
		{23907CAC-923B-44FC-A0B2-BBB68681AE10}.Release|Any CPU.Build.0 = Release|Any CPU
	EndGlobalSection
	GlobalSection(SolutionProperties) = preSolution
		HideSolutionNode = FALSE
	EndGlobalSection
	GlobalSection(ExtensibilityGlobals) = postSolution
		SolutionGuid = {4A3C76D4-F474-46E7-B8C9-9AE59BF022C0}
	EndGlobalSection
EndGlobal
