
Microsoft Visual Studio Solution File, Format Version 12.00
# Visual Studio Version 16
VisualStudioVersion = 16.0.33423.256
MinimumVisualStudioVersion = 10.0.40219.1
Project("{FAE04EC0-301F-11D3-BF4B-00C04F79EFBC}") = "salasana", "salasana\salasana.csproj", "{9E9C6797-5E0F-4D28-97B3-909B3C283CB0}"
EndProject
Global
	GlobalSection(SolutionConfigurationPlatforms) = preSolution
		Debug|Any CPU = Debug|Any CPU
		Release|Any CPU = Release|Any CPU
	EndGlobalSection
	GlobalSection(ProjectConfigurationPlatforms) = postSolution
		{9E9C6797-5E0F-4D28-97B3-909B3C283CB0}.Debug|Any CPU.ActiveCfg = Debug|Any CPU
		{9E9C6797-5E0F-4D28-97B3-909B3C283CB0}.Debug|Any CPU.Build.0 = Debug|Any CPU
		{9E9C6797-5E0F-4D28-97B3-909B3C283CB0}.Release|Any CPU.ActiveCfg = Release|Any CPU
		{9E9C6797-5E0F-4D28-97B3-909B3C283CB0}.Release|Any CPU.Build.0 = Release|Any CPU
	EndGlobalSection
	GlobalSection(SolutionProperties) = preSolution
		HideSolutionNode = FALSE
	EndGlobalSection
	GlobalSection(ExtensibilityGlobals) = postSolution
		SolutionGuid = {FE549C61-7648-4B66-A976-989F03704B05}
	EndGlobalSection
EndGlobal
